
Microsoft Visual Studio Solution File, Format Version 12.00
# Visual Studio Version 17
VisualStudioVersion = 17.0.31903.59
MinimumVisualStudioVersion = 10.0.40219.1
Project("{FAE04EC0-301F-11D3-BF4B-00C04F79EFBC}") = "ThreeCases", "ThreeCases.csproj", "{345027E3-E004-4429-8274-88A322BB6627}"
EndProject
Global
	GlobalSection(SolutionConfigurationPlatforms) = preSolution
		Debug|Any CPU = Debug|Any CPU
		Release|Any CPU = Release|Any CPU
	EndGlobalSection
	GlobalSection(ProjectConfigurationPlatforms) = postSolution
		{345027E3-E004-4429-8274-88A322BB6627}.Debug|Any CPU.ActiveCfg = Debug|Any CPU
		{345027E3-E004-4429-8274-88A322BB6627}.Debug|Any CPU.Build.0 = Debug|Any CPU
		{345027E3-E004-4429-8274-88A322BB6627}.Release|Any CPU.ActiveCfg = Release|Any CPU
		{345027E3-E004-4429-8274-88A322BB6627}.Release|Any CPU.Build.0 = Release|Any CPU
	EndGlobalSection
	GlobalSection(SolutionProperties) = preSolution
		HideSolutionNode = FALSE
	EndGlobalSection
	GlobalSection(ExtensibilityGlobals) = postSolution
		SolutionGuid = {988B9D7D-4125-4978-9785-43AD9AEFE409}
	EndGlobalSection
EndGlobal
